// !$*UTF8*$!
{
	archiveVersion = 1;
	classes = {
	};
	objectVersion = 46;
	objects = {

/* Begin PBXBuildFile section */
		31E882001C5D958E00A594D4 /* main.m in Sources */ = {isa = PBXBuildFile; fileRef = 31E881FF1C5D958E00A594D4 /* main.m */; };
		31E882031C5D958E00A594D4 /* AppDelegate.m in Sources */ = {isa = PBXBuildFile; fileRef = 31E882021C5D958E00A594D4 /* AppDelegate.m */; };
		31E882061C5D958E00A594D4 /* ViewController.m in Sources */ = {isa = PBXBuildFile; fileRef = 31E882051C5D958E00A594D4 /* ViewController.m */; };
		31E882091C5D958E00A594D4 /* Main.storyboard in Resources */ = {isa = PBXBuildFile; fileRef = 31E882071C5D958E00A594D4 /* Main.storyboard */; };
		31E8820B1C5D958E00A594D4 /* Assets.xcassets in Resources */ = {isa = PBXBuildFile; fileRef = 31E8820A1C5D958E00A594D4 /* Assets.xcassets */; };
		31E8820E1C5D958F00A594D4 /* LaunchScreen.storyboard in Resources */ = {isa = PBXBuildFile; fileRef = 31E8820C1C5D958F00A594D4 /* LaunchScreen.storyboard */; };
		31E882161C5D97A100A594D4 /* MapKit.framework in Frameworks */ = {isa = PBXBuildFile; fileRef = 31E882151C5D97A100A594D4 /* MapKit.framework */; };
/* End PBXBuildFile section */

/* Begin PBXFileReference section */
		31E881FB1C5D958E00A594D4 /* constraintLayout.app */ = {isa = PBXFileReference; explicitFileType = wrapper.application; includeInIndex = 0; path = constraintLayout.app; sourceTree = BUILT_PRODUCTS_DIR; };
		31E881FF1C5D958E00A594D4 /* main.m */ = {isa = PBXFileReference; lastKnownFileType = sourcecode.c.objc; path = main.m; sourceTree = "<group>"; };
		31E882011C5D958E00A594D4 /* AppDelegate.h */ = {isa = PBXFileReference; lastKnownFileType = sourcecode.c.h; path = AppDelegate.h; sourceTree = "<group>"; };
		31E882021C5D958E00A594D4 /* AppDelegate.m */ = {isa = PBXFileReference; lastKnownFileType = sourcecode.c.objc; path = AppDelegate.m; sourceTree = "<group>"; };
		31E882041C5D958E00A594D4 /* ViewController.h */ = {isa = PBXFileReference; lastKnownFileType = sourcecode.c.h; path = ViewController.h; sourceTree = "<group>"; };
		31E882051C5D958E00A594D4 /* ViewController.m */ = {isa = PBXFileReference; lastKnownFileType = sourcecode.c.objc; path = ViewController.m; sourceTree = "<group>"; };
		31E882081C5D958E00A594D4 /* Base */ = {isa = PBXFileReference; lastKnownFileType = file.storyboard; name = Base; path = Base.lproj/Main.storyboard; sourceTree = "<group>"; };
		31E8820A1C5D958E00A594D4 /* Assets.xcassets */ = {isa = PBXFileReference; lastKnownFileType = folder.assetcatalog; path = Assets.xcassets; sourceTree = "<group>"; };
		31E8820D1C5D958F00A594D4 /* Base */ = {isa = PBXFileReference; lastKnownFileType = file.storyboard; name = Base; path = Base.lproj/LaunchScreen.storyboard; sourceTree = "<group>"; };
		31E8820F1C5D958F00A594D4 /* Info.plist */ = {isa = PBXFileReference; lastKnownFileType = text.plist.xml; path = Info.plist; sourceTree = "<group>"; };
		31E882151C5D97A100A594D4 /* MapKit.framework */ = {isa = PBXFileReference; lastKnownFileType = wrapper.framework; name = MapKit.framework; path = System/Library/Frameworks/MapKit.framework; sourceTree = SDKROOT; };
/* End PBXFileReference section */

/* Begin PBXFrameworksBuildPhase section */
		31E881F81C5D958E00A594D4 /* Frameworks */ = {
			isa = PBXFrameworksBuildPhase;
			buildActionMask = 2147483647;
			files = (
				31E882161C5D97A100A594D4 /* MapKit.framework in Frameworks */,
			);
			runOnlyForDeploymentPostprocessing = 0;
		};
/* End PBXFrameworksBuildPhase section */

/* Begin PBXGroup section */
		31E881F21C5D958E00A594D4 = {
			isa = PBXGroup;
			children = (
				31E882151C5D97A100A594D4 /* MapKit.framework */,
				31E881FD1C5D958E00A594D4 /* constraintLayout */,
				31E881FC1C5D958E00A594D4 /* Products */,
			);
			sourceTree = "<group>";
		};
		31E881FC1C5D958E00A594D4 /* Products */ = {
			isa = PBXGroup;
			children = (
				31E881FB1C5D958E00A594D4 /* constraintLayout.app */,
			);
			name = Products;
			sourceTree = "<group>";
		};
		31E881FD1C5D958E00A594D4 /* constraintLayout */ = {
			isa = PBXGroup;
			children = (
				31E882011C5D958E00A594D4 /* AppDelegate.h */,
				31E882021C5D958E00A594D4 /* AppDelegate.m */,
				31E882041C5D958E00A594D4 /* ViewController.h */,
				31E882051C5D958E00A594D4 /* ViewController.m */,
				31E882071C5D958E00A594D4 /* Main.storyboard */,
				31E8820A1C5D958E00A594D4 /* Assets.xcassets */,
				31E8820C1C5D958F00A594D4 /* LaunchScreen.storyboard */,
				31E8820F1C5D958F00A594D4 /* Info.plist */,
				31E881FE1C5D958E00A594D4 /* Supporting Files */,
			);
			path = constraintLayout;
			sourceTree = "<group>";
		};
		31E881FE1C5D958E00A594D4 /* Supporting Files */ = {
			isa = PBXGroup;
			children = (
				31E881FF1C5D958E00A594D4 /* main.m */,
			);
			name = "Supporting Files";
			sourceTree = "<group>";
		};
/* End PBXGroup section */

/* Begin PBXNativeTarget section */
		31E881FA1C5D958E00A594D4 /* constraintLayout */ = {
			isa = PBXNativeTarget;
			buildConfigurationList = 31E882121C5D958F00A594D4 /* Build configuration list for PBXNativeTarget "constraintLayout" */;
			buildPhases = (
				31E881F71C5D958E00A594D4 /* Sources */,
				31E881F81C5D958E00A594D4 /* Frameworks */,
				31E881F91C5D958E00A594D4 /* Resources */,
			);
			buildRules = (
			);
			dependencies = (
			);
			name = constraintLayout;
			productName = constraintLayout;
			productReference = 31E881FB1C5D958E00A594D4 /* constraintLayout.app */;
			productType = "com.apple.product-type.application";
		};
/* End PBXNativeTarget section */

/* Begin PBXProject section */
		31E881F31C5D958E00A594D4 /* Project object */ = {
			isa = PBXProject;
			attributes = {
				LastUpgradeCheck = 0720;
				ORGANIZATIONNAME = Nakib;
				TargetAttributes = {
					31E881FA1C5D958E00A594D4 = {
						CreatedOnToolsVersion = 7.2;
					};
				};
			};
			buildConfigurationList = 31E881F61C5D958E00A594D4 /* Build configuration list for PBXProject "constraintLayout" */;
			compatibilityVersion = "Xcode 3.2";
			developmentRegion = English;
			hasScannedForEncodings = 0;
			knownRegions = (
				en,
				Base,
			);
			mainGroup = 31E881F21C5D958E00A594D4;
			productRefGroup = 31E881FC1C5D958E00A594D4 /* Products */;
			projectDirPath = "";
			projectRoot = "";
			targets = (
				31E881FA1C5D958E00A594D4 /* constraintLayout */,
			);
		};
/* End PBXProject section */

/* Begin PBXResourcesBuildPhase section */
		31E881F91C5D958E00A594D4 /* Resources */ = {
			isa = PBXResourcesBuildPhase;
			buildActionMask = 2147483647;
			files = (
				31E8820E1C5D958F00A594D4 /* LaunchScreen.storyboard in Resources */,
				31E8820B1C5D958E00A594D4 /* Assets.xcassets in Resources */,
				31E882091C5D958E00A594D4 /* Main.storyboard in Resources */,
			);
			runOnlyForDeploymentPostprocessing = 0;
		};
/* End PBXResourcesBuildPhase section */

/* Begin PBXSourcesBuildPhase section */
		31E881F71C5D958E00A594D4 /* Sources */ = {
			isa = PBXSourcesBuildPhase;
			buildActionMask = 2147483647;
			files = (
				31E882061C5D958E00A594D4 /* ViewController.m in Sources */,
				31E882031C5D958E00A594D4 /* AppDelegate.m in Sources */,
				31E882001C5D958E00A594D4 /* main.m in Sources */,
			);
			runOnlyForDeploymentPostprocessing = 0;
		};
/* End PBXSourcesBuildPhase section */

/* Begin PBXVariantGroup section */
		31E882071C5D958E00A594D4 /* Main.storyboard */ = {
			isa = PBXVariantGroup;
			children = (
				31E882081C5D958E00A594D4 /* Base */,
			);
			name = Main.storyboard;
			sourceTree = "<group>";
		};
		31E8820C1C5D958F00A594D4 /* LaunchScreen.storyboard */ = {
			isa = PBXVariantGroup;
			children = (
				31E8820D1C5D958F00A594D4 /* Base */,
			);
			name = LaunchScreen.storyboard;
			sourceTree = "<group>";
		};
/* End PBXVariantGroup section */

/* Begin XCBuildConfiguration section */
		31E882101C5D958F00A594D4 /* Debug */ = {
			isa = XCBuildConfiguration;
			buildSettings = {
				ALWAYS_SEARCH_USER_PATHS = NO;
				CLANG_CXX_LANGUAGE_STANDARD = "gnu++0x";
				CLANG_CXX_LIBRARY = "libc++";
				CLANG_ENABLE_MODULES = YES;
				CLANG_ENABLE_OBJC_ARC = YES;
				CLANG_WARN_BOOL_CONVERSION = YES;
				CLANG_WARN_CONSTANT_CONVERSION = YES;
				CLANG_WARN_DIRECT_OBJC_ISA_USAGE = YES_ERROR;
				CLANG_WARN_EMPTY_BODY = YES;
				CLANG_WARN_ENUM_CONVERSION = YES;
				CLANG_WARN_INT_CONVERSION = YES;
				CLANG_WARN_OBJC_ROOT_CLASS = YES_ERROR;
				CLANG_WARN_UNREACHABLE_CODE = YES;
				CLANG_WARN__DUPLICATE_METHOD_MATCH = YES;
				"CODE_SIGN_IDENTITY[sdk=iphoneos*]" = "iPhone Developer";
				COPY_PHASE_STRIP = NO;
				DEBUG_INFORMATION_FORMAT = dwarf;
				ENABLE_STRICT_OBJC_MSGSEND = YES;
				ENABLE_TESTABILITY = YES;
				GCC_C_LANGUAGE_STANDARD = gnu99;
				GCC_DYNAMIC_NO_PIC = NO;
				GCC_NO_COMMON_BLOCKS = YES;
				GCC_OPTIMIZATION_LEVEL = 0;
				GCC_PREPROCESSOR_DEFINITIONS = (
					"DEBUG=1",
					"$(inherited)",
				);
				GCC_WARN_64_TO_32_BIT_CONVERSION = YES;
				GCC_WARN_ABOUT_RETURN_TYPE = YES_ERROR;
				GCC_WARN_UNDECLARED_SELECTOR = YES;
				GCC_WARN_UNINITIALIZED_AUTOS = YES_AGGRESSIVE;
				GCC_WARN_UNUSED_FUNCTION = YES;
				GCC_WARN_UNUSED_VARIABLE = YES;
				IPHONEOS_DEPLOYMENT_TARGET = 9.2;
				MTL_ENABLE_DEBUG_INFO = YES;
				ONLY_ACTIVE_ARCH = YES;
				SDKROOT = iphoneos;
				TARGETED_DEVICE_FAMILY = "1,2";
			};
			name = Debug;
		};
		31E882111C5D958F00A594D4 /* Release */ = {
			isa = XCBuildConfiguration;
			buildSettings = {
				ALWAYS_SEARCH_USER_PATHS = NO;
				CLANG_CXX_LANGUAGE_STANDARD = "gnu++0x";
				CLANG_CXX_LIBRARY = "libc++";
				CLANG_ENABLE_MODULES = YES;
				CLANG_ENABLE_OBJC_ARC = YES;
				CLANG_WARN_BOOL_CONVERSION = YES;
				CLANG_WARN_CONSTANT_CONVERSION = YES;
				CLANG_WARN_DIRECT_OBJC_ISA_USAGE = YES_ERROR;
				CLANG_WARN_EMPTY_BODY = YES;
				CLANG_WARN_ENUM_CONVERSION = YES;
				CLANG_WARN_INT_CONVERSION = YES;
				CLANG_WARN_OBJC_ROOT_CLASS = YES_ERROR;
				CLANG_WARN_UNREACHABLE_CODE = YES;
				CLANG_WARN__DUPLICATE_METHOD_MATCH = YES;
				"CODE_SIGN_IDENTITY[sdk=iphoneos*]" = "iPhone Developer";
				COPY_PHASE_STRIP = NO;
				DEBUG_INFORMATION_FORMAT = "dwarf-with-dsym";
				ENABLE_NS_ASSERTIONS = NO;
				ENABLE_STRICT_OBJC_MSGSEND = YES;
				GCC_C_LANGUAGE_STANDARD = gnu99;
				GCC_NO_COMMON_BLOCKS = YES;
				GCC_WARN_64_TO_32_BIT_CONVERSION = YES;
				GCC_WARN_ABOUT_RETURN_TYPE = YES_ERROR;
				GCC_WARN_UNDECLARED_SELECTOR = YES;
				GCC_WARN_UNINITIALIZED_AUTOS = YES_AGGRESSIVE;
				GCC_WARN_UNUSED_FUNCTION = YES;
				GCC_WARN_UNUSED_VARIABLE = YES;
				IPHONEOS_DEPLOYMENT_TARGET = 9.2;
				MTL_ENABLE_DEBUG_INFO = NO;
				SDKROOT = iphoneos;
				TARGETED_DEVICE_FAMILY = "1,2";
				VALIDATE_PRODUCT = YES;
			};
			name = Release;
		};
		31E882131C5D958F00A594D4 /* Debug */ = {
			isa = XCBuildConfiguration;
			buildSettings = {
				ASSETCATALOG_COMPILER_APPICON_NAME = AppIcon;
				INFOPLIST_FILE = constraintLayout/Info.plist;
				LD_RUNPATH_SEARCH_PATHS = "$(inherited) @executable_path/Frameworks";
				PRODUCT_BUNDLE_IDENTIFIER = com.nakibmomin.constraintLayout;
				PRODUCT_NAME = "$(TARGET_NAME)";
			};
			name = Debug;
		};
		31E882141C5D958F00A594D4 /* Release */ = {
			isa = XCBuildConfiguration;
			buildSettings = {
				ASSETCATALOG_COMPILER_APPICON_NAME = AppIcon;
				INFOPLIST_FILE = constraintLayout/Info.plist;
				LD_RUNPATH_SEARCH_PATHS = "$(inherited) @executable_path/Frameworks";
				PRODUCT_BUNDLE_IDENTIFIER = com.nakibmomin.constraintLayout;
				PRODUCT_NAME = "$(TARGET_NAME)";
			};
			name = Release;
		};
/* End XCBuildConfiguration section */

/* Begin XCConfigurationList section */
		31E881F61C5D958E00A594D4 /* Build configuration list for PBXProject "constraintLayout" */ = {
			isa = XCConfigurationList;
			buildConfigurations = (
				31E882101C5D958F00A594D4 /* Debug */,
				31E882111C5D958F00A594D4 /* Release */,
			);
			defaultConfigurationIsVisible = 0;
			defaultConfigurationName = Release;
		};
		31E882121C5D958F00A594D4 /* Build configuration list for PBXNativeTarget "constraintLayout" */ = {
			isa = XCConfigurationList;
			buildConfigurations = (
				31E882131C5D958F00A594D4 /* Debug */,
				31E882141C5D958F00A594D4 /* Release */,
			);
			defaultConfigurationIsVisible = 0;
		};
/* End XCConfigurationList section */
	};
	rootObject = 31E881F31C5D958E00A594D4 /* Project object */;
}
