// !$*UTF8*$!
{
	archiveVersion = 1;
	classes = {
	};
	objectVersion = 46;
	objects = {

/* Begin PBXBuildFile section */
		31819B261BD256FA00E0721F /* main.m in Sources */ = {isa = PBXBuildFile; fileRef = 31819B251BD256FA00E0721F /* main.m */; };
		31819B291BD256FA00E0721F /* AppDelegate.m in Sources */ = {isa = PBXBuildFile; fileRef = 31819B281BD256FA00E0721F /* AppDelegate.m */; };
		31819B2C1BD256FA00E0721F /* ViewController.m in Sources */ = {isa = PBXBuildFile; fileRef = 31819B2B1BD256FA00E0721F /* ViewController.m */; };
		31819B2F1BD256FA00E0721F /* Main.storyboard in Resources */ = {isa = PBXBuildFile; fileRef = 31819B2D1BD256FA00E0721F /* Main.storyboard */; };
		31819B311BD256FA00E0721F /* Assets.xcassets in Resources */ = {isa = PBXBuildFile; fileRef = 31819B301BD256FA00E0721F /* Assets.xcassets */; };
		31819B341BD256FA00E0721F /* LaunchScreen.storyboard in Resources */ = {isa = PBXBuildFile; fileRef = 31819B321BD256FA00E0721F /* LaunchScreen.storyboard */; };
		882B30DDF7BC436BA50B1EF0 /* libPods-currencyConvertor.a in Frameworks */ = {isa = PBXBuildFile; fileRef = 8B79ABBA88C40CA0998E599A /* libPods-currencyConvertor.a */; };
/* End PBXBuildFile section */

/* Begin PBXFileReference section */
		31819B211BD256FA00E0721F /* currencyConvertor.app */ = {isa = PBXFileReference; explicitFileType = wrapper.application; includeInIndex = 0; path = currencyConvertor.app; sourceTree = BUILT_PRODUCTS_DIR; };
		31819B251BD256FA00E0721F /* main.m */ = {isa = PBXFileReference; lastKnownFileType = sourcecode.c.objc; path = main.m; sourceTree = "<group>"; };
		31819B271BD256FA00E0721F /* AppDelegate.h */ = {isa = PBXFileReference; lastKnownFileType = sourcecode.c.h; path = AppDelegate.h; sourceTree = "<group>"; };
		31819B281BD256FA00E0721F /* AppDelegate.m */ = {isa = PBXFileReference; lastKnownFileType = sourcecode.c.objc; path = AppDelegate.m; sourceTree = "<group>"; };
		31819B2A1BD256FA00E0721F /* ViewController.h */ = {isa = PBXFileReference; lastKnownFileType = sourcecode.c.h; path = ViewController.h; sourceTree = "<group>"; };
		31819B2B1BD256FA00E0721F /* ViewController.m */ = {isa = PBXFileReference; lastKnownFileType = sourcecode.c.objc; path = ViewController.m; sourceTree = "<group>"; };
		31819B2E1BD256FA00E0721F /* Base */ = {isa = PBXFileReference; lastKnownFileType = file.storyboard; name = Base; path = Base.lproj/Main.storyboard; sourceTree = "<group>"; };
		31819B301BD256FA00E0721F /* Assets.xcassets */ = {isa = PBXFileReference; lastKnownFileType = folder.assetcatalog; path = Assets.xcassets; sourceTree = "<group>"; };
		31819B331BD256FA00E0721F /* Base */ = {isa = PBXFileReference; lastKnownFileType = file.storyboard; name = Base; path = Base.lproj/LaunchScreen.storyboard; sourceTree = "<group>"; };
		31819B351BD256FA00E0721F /* Info.plist */ = {isa = PBXFileReference; lastKnownFileType = text.plist.xml; path = Info.plist; sourceTree = "<group>"; };
		5A3AB4399D2DE6A69BDD618D /* Pods-currencyConvertor.release.xcconfig */ = {isa = PBXFileReference; includeInIndex = 1; lastKnownFileType = text.xcconfig; name = "Pods-currencyConvertor.release.xcconfig"; path = "Pods/Target Support Files/Pods-currencyConvertor/Pods-currencyConvertor.release.xcconfig"; sourceTree = "<group>"; };
		8B79ABBA88C40CA0998E599A /* libPods-currencyConvertor.a */ = {isa = PBXFileReference; explicitFileType = archive.ar; includeInIndex = 0; path = "libPods-currencyConvertor.a"; sourceTree = BUILT_PRODUCTS_DIR; };
		FFB83B094EF30F836D1E8236 /* Pods-currencyConvertor.debug.xcconfig */ = {isa = PBXFileReference; includeInIndex = 1; lastKnownFileType = text.xcconfig; name = "Pods-currencyConvertor.debug.xcconfig"; path = "Pods/Target Support Files/Pods-currencyConvertor/Pods-currencyConvertor.debug.xcconfig"; sourceTree = "<group>"; };
/* End PBXFileReference section */

/* Begin PBXFrameworksBuildPhase section */
		31819B1E1BD256FA00E0721F /* Frameworks */ = {
			isa = PBXFrameworksBuildPhase;
			buildActionMask = 2147483647;
			files = (
				882B30DDF7BC436BA50B1EF0 /* libPods-currencyConvertor.a in Frameworks */,
			);
			runOnlyForDeploymentPostprocessing = 0;
		};
/* End PBXFrameworksBuildPhase section */

/* Begin PBXGroup section */
		31819B181BD256FA00E0721F = {
			isa = PBXGroup;
			children = (
				31819B231BD256FA00E0721F /* currencyConvertor */,
				31819B221BD256FA00E0721F /* Products */,
				830495D995F1C734B3C34EBD /* Pods */,
				43BC9DF25A7FA5B45BFDC4A0 /* Frameworks */,
			);
			sourceTree = "<group>";
		};
		31819B221BD256FA00E0721F /* Products */ = {
			isa = PBXGroup;
			children = (
				31819B211BD256FA00E0721F /* currencyConvertor.app */,
			);
			name = Products;
			sourceTree = "<group>";
		};
		31819B231BD256FA00E0721F /* currencyConvertor */ = {
			isa = PBXGroup;
			children = (
				31819B271BD256FA00E0721F /* AppDelegate.h */,
				31819B281BD256FA00E0721F /* AppDelegate.m */,
				31819B2A1BD256FA00E0721F /* ViewController.h */,
				31819B2B1BD256FA00E0721F /* ViewController.m */,
				31819B2D1BD256FA00E0721F /* Main.storyboard */,
				31819B301BD256FA00E0721F /* Assets.xcassets */,
				31819B321BD256FA00E0721F /* LaunchScreen.storyboard */,
				31819B351BD256FA00E0721F /* Info.plist */,
				31819B241BD256FA00E0721F /* Supporting Files */,
			);
			path = currencyConvertor;
			sourceTree = "<group>";
		};
		31819B241BD256FA00E0721F /* Supporting Files */ = {
			isa = PBXGroup;
			children = (
				31819B251BD256FA00E0721F /* main.m */,
			);
			name = "Supporting Files";
			sourceTree = "<group>";
		};
		43BC9DF25A7FA5B45BFDC4A0 /* Frameworks */ = {
			isa = PBXGroup;
			children = (
				8B79ABBA88C40CA0998E599A /* libPods-currencyConvertor.a */,
			);
			name = Frameworks;
			sourceTree = "<group>";
		};
		830495D995F1C734B3C34EBD /* Pods */ = {
			isa = PBXGroup;
			children = (
				FFB83B094EF30F836D1E8236 /* Pods-currencyConvertor.debug.xcconfig */,
				5A3AB4399D2DE6A69BDD618D /* Pods-currencyConvertor.release.xcconfig */,
			);
			name = Pods;
			sourceTree = "<group>";
		};
/* End PBXGroup section */

/* Begin PBXNativeTarget section */
		31819B201BD256FA00E0721F /* currencyConvertor */ = {
			isa = PBXNativeTarget;
			buildConfigurationList = 31819B381BD256FA00E0721F /* Build configuration list for PBXNativeTarget "currencyConvertor" */;
			buildPhases = (
				9BE88E3E4F3014689B298F74 /* Check Pods Manifest.lock */,
				31819B1D1BD256FA00E0721F /* Sources */,
				31819B1E1BD256FA00E0721F /* Frameworks */,
				31819B1F1BD256FA00E0721F /* Resources */,
				67EFDA66E02A815C0D8DA3B3 /* Embed Pods Frameworks */,
				28E42D00B3BD523B05B97243 /* Copy Pods Resources */,
			);
			buildRules = (
			);
			dependencies = (
			);
			name = currencyConvertor;
			productName = currencyConvertor;
			productReference = 31819B211BD256FA00E0721F /* currencyConvertor.app */;
			productType = "com.apple.product-type.application";
		};
/* End PBXNativeTarget section */

/* Begin PBXProject section */
		31819B191BD256FA00E0721F /* Project object */ = {
			isa = PBXProject;
			attributes = {
				LastUpgradeCheck = 0700;
				ORGANIZATIONNAME = Nakib;
				TargetAttributes = {
					31819B201BD256FA00E0721F = {
						CreatedOnToolsVersion = 7.0.1;
					};
				};
			};
			buildConfigurationList = 31819B1C1BD256FA00E0721F /* Build configuration list for PBXProject "currencyConvertor" */;
			compatibilityVersion = "Xcode 3.2";
			developmentRegion = English;
			hasScannedForEncodings = 0;
			knownRegions = (
				en,
				Base,
			);
			mainGroup = 31819B181BD256FA00E0721F;
			productRefGroup = 31819B221BD256FA00E0721F /* Products */;
			projectDirPath = "";
			projectRoot = "";
			targets = (
				31819B201BD256FA00E0721F /* currencyConvertor */,
			);
		};
/* End PBXProject section */

/* Begin PBXResourcesBuildPhase section */
		31819B1F1BD256FA00E0721F /* Resources */ = {
			isa = PBXResourcesBuildPhase;
			buildActionMask = 2147483647;
			files = (
				31819B341BD256FA00E0721F /* LaunchScreen.storyboard in Resources */,
				31819B311BD256FA00E0721F /* Assets.xcassets in Resources */,
				31819B2F1BD256FA00E0721F /* Main.storyboard in Resources */,
			);
			runOnlyForDeploymentPostprocessing = 0;
		};
/* End PBXResourcesBuildPhase section */

/* Begin PBXShellScriptBuildPhase section */
		28E42D00B3BD523B05B97243 /* Copy Pods Resources */ = {
			isa = PBXShellScriptBuildPhase;
			buildActionMask = 2147483647;
			files = (
			);
			inputPaths = (
			);
			name = "Copy Pods Resources";
			outputPaths = (
			);
			runOnlyForDeploymentPostprocessing = 0;
			shellPath = /bin/sh;
			shellScript = "\"${SRCROOT}/Pods/Target Support Files/Pods-currencyConvertor/Pods-currencyConvertor-resources.sh\"\n";
			showEnvVarsInLog = 0;
		};
		67EFDA66E02A815C0D8DA3B3 /* Embed Pods Frameworks */ = {
			isa = PBXShellScriptBuildPhase;
			buildActionMask = 2147483647;
			files = (
			);
			inputPaths = (
			);
			name = "Embed Pods Frameworks";
			outputPaths = (
			);
			runOnlyForDeploymentPostprocessing = 0;
			shellPath = /bin/sh;
			shellScript = "\"${SRCROOT}/Pods/Target Support Files/Pods-currencyConvertor/Pods-currencyConvertor-frameworks.sh\"\n";
			showEnvVarsInLog = 0;
		};
		9BE88E3E4F3014689B298F74 /* Check Pods Manifest.lock */ = {
			isa = PBXShellScriptBuildPhase;
			buildActionMask = 2147483647;
			files = (
			);
			inputPaths = (
			);
			name = "Check Pods Manifest.lock";
			outputPaths = (
			);
			runOnlyForDeploymentPostprocessing = 0;
			shellPath = /bin/sh;
			shellScript = "diff \"${PODS_ROOT}/../Podfile.lock\" \"${PODS_ROOT}/Manifest.lock\" > /dev/null\nif [[ $? != 0 ]] ; then\n    cat << EOM\nerror: The sandbox is not in sync with the Podfile.lock. Run 'pod install' or update your CocoaPods installation.\nEOM\n    exit 1\nfi\n";
			showEnvVarsInLog = 0;
		};
/* End PBXShellScriptBuildPhase section */

/* Begin PBXSourcesBuildPhase section */
		31819B1D1BD256FA00E0721F /* Sources */ = {
			isa = PBXSourcesBuildPhase;
			buildActionMask = 2147483647;
			files = (
				31819B2C1BD256FA00E0721F /* ViewController.m in Sources */,
				31819B291BD256FA00E0721F /* AppDelegate.m in Sources */,
				31819B261BD256FA00E0721F /* main.m in Sources */,
			);
			runOnlyForDeploymentPostprocessing = 0;
		};
/* End PBXSourcesBuildPhase section */

/* Begin PBXVariantGroup section */
		31819B2D1BD256FA00E0721F /* Main.storyboard */ = {
			isa = PBXVariantGroup;
			children = (
				31819B2E1BD256FA00E0721F /* Base */,
			);
			name = Main.storyboard;
			sourceTree = "<group>";
		};
		31819B321BD256FA00E0721F /* LaunchScreen.storyboard */ = {
			isa = PBXVariantGroup;
			children = (
				31819B331BD256FA00E0721F /* Base */,
			);
			name = LaunchScreen.storyboard;
			sourceTree = "<group>";
		};
/* End PBXVariantGroup section */

/* Begin XCBuildConfiguration section */
		31819B361BD256FA00E0721F /* Debug */ = {
			isa = XCBuildConfiguration;
			buildSettings = {
				ALWAYS_SEARCH_USER_PATHS = NO;
				CLANG_CXX_LANGUAGE_STANDARD = "gnu++0x";
				CLANG_CXX_LIBRARY = "libc++";
				CLANG_ENABLE_MODULES = YES;
				CLANG_ENABLE_OBJC_ARC = YES;
				CLANG_WARN_BOOL_CONVERSION = YES;
				CLANG_WARN_CONSTANT_CONVERSION = YES;
				CLANG_WARN_DIRECT_OBJC_ISA_USAGE = YES_ERROR;
				CLANG_WARN_EMPTY_BODY = YES;
				CLANG_WARN_ENUM_CONVERSION = YES;
				CLANG_WARN_INT_CONVERSION = YES;
				CLANG_WARN_OBJC_ROOT_CLASS = YES_ERROR;
				CLANG_WARN_UNREACHABLE_CODE = YES;
				CLANG_WARN__DUPLICATE_METHOD_MATCH = YES;
				"CODE_SIGN_IDENTITY[sdk=iphoneos*]" = "iPhone Developer";
				COPY_PHASE_STRIP = NO;
				DEBUG_INFORMATION_FORMAT = dwarf;
				ENABLE_STRICT_OBJC_MSGSEND = YES;
				ENABLE_TESTABILITY = YES;
				GCC_C_LANGUAGE_STANDARD = gnu99;
				GCC_DYNAMIC_NO_PIC = NO;
				GCC_NO_COMMON_BLOCKS = YES;
				GCC_OPTIMIZATION_LEVEL = 0;
				GCC_PREPROCESSOR_DEFINITIONS = (
					"DEBUG=1",
					"$(inherited)",
				);
				GCC_WARN_64_TO_32_BIT_CONVERSION = YES;
				GCC_WARN_ABOUT_RETURN_TYPE = YES_ERROR;
				GCC_WARN_UNDECLARED_SELECTOR = YES;
				GCC_WARN_UNINITIALIZED_AUTOS = YES_AGGRESSIVE;
				GCC_WARN_UNUSED_FUNCTION = YES;
				GCC_WARN_UNUSED_VARIABLE = YES;
				IPHONEOS_DEPLOYMENT_TARGET = 9.0;
				MTL_ENABLE_DEBUG_INFO = YES;
				ONLY_ACTIVE_ARCH = YES;
				SDKROOT = iphoneos;
				TARGETED_DEVICE_FAMILY = "1,2";
			};
			name = Debug;
		};
		31819B371BD256FA00E0721F /* Release */ = {
			isa = XCBuildConfiguration;
			buildSettings = {
				ALWAYS_SEARCH_USER_PATHS = NO;
				CLANG_CXX_LANGUAGE_STANDARD = "gnu++0x";
				CLANG_CXX_LIBRARY = "libc++";
				CLANG_ENABLE_MODULES = YES;
				CLANG_ENABLE_OBJC_ARC = YES;
				CLANG_WARN_BOOL_CONVERSION = YES;
				CLANG_WARN_CONSTANT_CONVERSION = YES;
				CLANG_WARN_DIRECT_OBJC_ISA_USAGE = YES_ERROR;
				CLANG_WARN_EMPTY_BODY = YES;
				CLANG_WARN_ENUM_CONVERSION = YES;
				CLANG_WARN_INT_CONVERSION = YES;
				CLANG_WARN_OBJC_ROOT_CLASS = YES_ERROR;
				CLANG_WARN_UNREACHABLE_CODE = YES;
				CLANG_WARN__DUPLICATE_METHOD_MATCH = YES;
				"CODE_SIGN_IDENTITY[sdk=iphoneos*]" = "iPhone Developer";
				COPY_PHASE_STRIP = NO;
				DEBUG_INFORMATION_FORMAT = "dwarf-with-dsym";
				ENABLE_NS_ASSERTIONS = NO;
				ENABLE_STRICT_OBJC_MSGSEND = YES;
				GCC_C_LANGUAGE_STANDARD = gnu99;
				GCC_NO_COMMON_BLOCKS = YES;
				GCC_WARN_64_TO_32_BIT_CONVERSION = YES;
				GCC_WARN_ABOUT_RETURN_TYPE = YES_ERROR;
				GCC_WARN_UNDECLARED_SELECTOR = YES;
				GCC_WARN_UNINITIALIZED_AUTOS = YES_AGGRESSIVE;
				GCC_WARN_UNUSED_FUNCTION = YES;
				GCC_WARN_UNUSED_VARIABLE = YES;
				IPHONEOS_DEPLOYMENT_TARGET = 9.0;
				MTL_ENABLE_DEBUG_INFO = NO;
				SDKROOT = iphoneos;
				TARGETED_DEVICE_FAMILY = "1,2";
				VALIDATE_PRODUCT = YES;
			};
			name = Release;
		};
		31819B391BD256FA00E0721F /* Debug */ = {
			isa = XCBuildConfiguration;
			baseConfigurationReference = FFB83B094EF30F836D1E8236 /* Pods-currencyConvertor.debug.xcconfig */;
			buildSettings = {
				ASSETCATALOG_COMPILER_APPICON_NAME = AppIcon;
				INFOPLIST_FILE = currencyConvertor/Info.plist;
				LD_RUNPATH_SEARCH_PATHS = "$(inherited) @executable_path/Frameworks";
				PRODUCT_BUNDLE_IDENTIFIER = com.nakibmomin.currencyConvertor;
				PRODUCT_NAME = "$(TARGET_NAME)";
			};
			name = Debug;
		};
		31819B3A1BD256FA00E0721F /* Release */ = {
			isa = XCBuildConfiguration;
			baseConfigurationReference = 5A3AB4399D2DE6A69BDD618D /* Pods-currencyConvertor.release.xcconfig */;
			buildSettings = {
				ASSETCATALOG_COMPILER_APPICON_NAME = AppIcon;
				INFOPLIST_FILE = currencyConvertor/Info.plist;
				LD_RUNPATH_SEARCH_PATHS = "$(inherited) @executable_path/Frameworks";
				PRODUCT_BUNDLE_IDENTIFIER = com.nakibmomin.currencyConvertor;
				PRODUCT_NAME = "$(TARGET_NAME)";
			};
			name = Release;
		};
/* End XCBuildConfiguration section */

/* Begin XCConfigurationList section */
		31819B1C1BD256FA00E0721F /* Build configuration list for PBXProject "currencyConvertor" */ = {
			isa = XCConfigurationList;
			buildConfigurations = (
				31819B361BD256FA00E0721F /* Debug */,
				31819B371BD256FA00E0721F /* Release */,
			);
			defaultConfigurationIsVisible = 0;
			defaultConfigurationName = Release;
		};
		31819B381BD256FA00E0721F /* Build configuration list for PBXNativeTarget "currencyConvertor" */ = {
			isa = XCConfigurationList;
			buildConfigurations = (
				31819B391BD256FA00E0721F /* Debug */,
				31819B3A1BD256FA00E0721F /* Release */,
			);
			defaultConfigurationIsVisible = 0;
			defaultConfigurationName = Release;
		};
/* End XCConfigurationList section */
	};
	rootObject = 31819B191BD256FA00E0721F /* Project object */;
}
