// !$*UTF8*$!
{
	archiveVersion = 1;
	classes = {
	};
	objectVersion = 46;
	objects = {

/* Begin PBXBuildFile section */
		31178B3E1BB79D1C00B054C0 /* main.m in Sources */ = {isa = PBXBuildFile; fileRef = 31178B3D1BB79D1C00B054C0 /* main.m */; };
		31178B411BB79D1C00B054C0 /* AppDelegate.m in Sources */ = {isa = PBXBuildFile; fileRef = 31178B401BB79D1C00B054C0 /* AppDelegate.m */; };
		31178B441BB79D1C00B054C0 /* ViewController.m in Sources */ = {isa = PBXBuildFile; fileRef = 31178B431BB79D1C00B054C0 /* ViewController.m */; };
		31178B471BB79D1C00B054C0 /* Main.storyboard in Resources */ = {isa = PBXBuildFile; fileRef = 31178B451BB79D1C00B054C0 /* Main.storyboard */; };
		31178B491BB79D1C00B054C0 /* Images.xcassets in Resources */ = {isa = PBXBuildFile; fileRef = 31178B481BB79D1C00B054C0 /* Images.xcassets */; };
		31178B4C1BB79D1C00B054C0 /* LaunchScreen.xib in Resources */ = {isa = PBXBuildFile; fileRef = 31178B4A1BB79D1C00B054C0 /* LaunchScreen.xib */; };
		31178B581BB79D1C00B054C0 /* __UnitConversionTests.m in Sources */ = {isa = PBXBuildFile; fileRef = 31178B571BB79D1C00B054C0 /* __UnitConversionTests.m */; };
/* End PBXBuildFile section */

/* Begin PBXContainerItemProxy section */
		31178B521BB79D1C00B054C0 /* PBXContainerItemProxy */ = {
			isa = PBXContainerItemProxy;
			containerPortal = 31178B301BB79D1C00B054C0 /* Project object */;
			proxyType = 1;
			remoteGlobalIDString = 31178B371BB79D1C00B054C0;
			remoteInfo = "2-UnitConversion";
		};
/* End PBXContainerItemProxy section */

/* Begin PBXFileReference section */
		31178B381BB79D1C00B054C0 /* 2-UnitConversion.app */ = {isa = PBXFileReference; explicitFileType = wrapper.application; includeInIndex = 0; path = "2-UnitConversion.app"; sourceTree = BUILT_PRODUCTS_DIR; };
		31178B3C1BB79D1C00B054C0 /* Info.plist */ = {isa = PBXFileReference; lastKnownFileType = text.plist.xml; path = Info.plist; sourceTree = "<group>"; };
		31178B3D1BB79D1C00B054C0 /* main.m */ = {isa = PBXFileReference; lastKnownFileType = sourcecode.c.objc; path = main.m; sourceTree = "<group>"; };
		31178B3F1BB79D1C00B054C0 /* AppDelegate.h */ = {isa = PBXFileReference; lastKnownFileType = sourcecode.c.h; path = AppDelegate.h; sourceTree = "<group>"; };
		31178B401BB79D1C00B054C0 /* AppDelegate.m */ = {isa = PBXFileReference; lastKnownFileType = sourcecode.c.objc; path = AppDelegate.m; sourceTree = "<group>"; };
		31178B421BB79D1C00B054C0 /* ViewController.h */ = {isa = PBXFileReference; lastKnownFileType = sourcecode.c.h; path = ViewController.h; sourceTree = "<group>"; };
		31178B431BB79D1C00B054C0 /* ViewController.m */ = {isa = PBXFileReference; lastKnownFileType = sourcecode.c.objc; path = ViewController.m; sourceTree = "<group>"; };
		31178B461BB79D1C00B054C0 /* Base */ = {isa = PBXFileReference; lastKnownFileType = file.storyboard; name = Base; path = Base.lproj/Main.storyboard; sourceTree = "<group>"; };
		31178B481BB79D1C00B054C0 /* Images.xcassets */ = {isa = PBXFileReference; lastKnownFileType = folder.assetcatalog; path = Images.xcassets; sourceTree = "<group>"; };
		31178B4B1BB79D1C00B054C0 /* Base */ = {isa = PBXFileReference; lastKnownFileType = file.xib; name = Base; path = Base.lproj/LaunchScreen.xib; sourceTree = "<group>"; };
		31178B511BB79D1C00B054C0 /* 2-UnitConversionTests.xctest */ = {isa = PBXFileReference; explicitFileType = wrapper.cfbundle; includeInIndex = 0; path = "2-UnitConversionTests.xctest"; sourceTree = BUILT_PRODUCTS_DIR; };
		31178B561BB79D1C00B054C0 /* Info.plist */ = {isa = PBXFileReference; lastKnownFileType = text.plist.xml; path = Info.plist; sourceTree = "<group>"; };
		31178B571BB79D1C00B054C0 /* __UnitConversionTests.m */ = {isa = PBXFileReference; lastKnownFileType = sourcecode.c.objc; path = __UnitConversionTests.m; sourceTree = "<group>"; };
/* End PBXFileReference section */

/* Begin PBXFrameworksBuildPhase section */
		31178B351BB79D1C00B054C0 /* Frameworks */ = {
			isa = PBXFrameworksBuildPhase;
			buildActionMask = 2147483647;
			files = (
			);
			runOnlyForDeploymentPostprocessing = 0;
		};
		31178B4E1BB79D1C00B054C0 /* Frameworks */ = {
			isa = PBXFrameworksBuildPhase;
			buildActionMask = 2147483647;
			files = (
			);
			runOnlyForDeploymentPostprocessing = 0;
		};
/* End PBXFrameworksBuildPhase section */

/* Begin PBXGroup section */
		31178B2F1BB79D1C00B054C0 = {
			isa = PBXGroup;
			children = (
				31178B3A1BB79D1C00B054C0 /* 2-UnitConversion */,
				31178B541BB79D1C00B054C0 /* 2-UnitConversionTests */,
				31178B391BB79D1C00B054C0 /* Products */,
			);
			sourceTree = "<group>";
		};
		31178B391BB79D1C00B054C0 /* Products */ = {
			isa = PBXGroup;
			children = (
				31178B381BB79D1C00B054C0 /* 2-UnitConversion.app */,
				31178B511BB79D1C00B054C0 /* 2-UnitConversionTests.xctest */,
			);
			name = Products;
			sourceTree = "<group>";
		};
		31178B3A1BB79D1C00B054C0 /* 2-UnitConversion */ = {
			isa = PBXGroup;
			children = (
				31178B3F1BB79D1C00B054C0 /* AppDelegate.h */,
				31178B401BB79D1C00B054C0 /* AppDelegate.m */,
				31178B421BB79D1C00B054C0 /* ViewController.h */,
				31178B431BB79D1C00B054C0 /* ViewController.m */,
				31178B451BB79D1C00B054C0 /* Main.storyboard */,
				31178B481BB79D1C00B054C0 /* Images.xcassets */,
				31178B4A1BB79D1C00B054C0 /* LaunchScreen.xib */,
				31178B3B1BB79D1C00B054C0 /* Supporting Files */,
			);
			path = "2-UnitConversion";
			sourceTree = "<group>";
		};
		31178B3B1BB79D1C00B054C0 /* Supporting Files */ = {
			isa = PBXGroup;
			children = (
				31178B3C1BB79D1C00B054C0 /* Info.plist */,
				31178B3D1BB79D1C00B054C0 /* main.m */,
			);
			name = "Supporting Files";
			sourceTree = "<group>";
		};
		31178B541BB79D1C00B054C0 /* 2-UnitConversionTests */ = {
			isa = PBXGroup;
			children = (
				31178B571BB79D1C00B054C0 /* __UnitConversionTests.m */,
				31178B551BB79D1C00B054C0 /* Supporting Files */,
			);
			path = "2-UnitConversionTests";
			sourceTree = "<group>";
		};
		31178B551BB79D1C00B054C0 /* Supporting Files */ = {
			isa = PBXGroup;
			children = (
				31178B561BB79D1C00B054C0 /* Info.plist */,
			);
			name = "Supporting Files";
			sourceTree = "<group>";
		};
/* End PBXGroup section */

/* Begin PBXNativeTarget section */
		31178B371BB79D1C00B054C0 /* 2-UnitConversion */ = {
			isa = PBXNativeTarget;
			buildConfigurationList = 31178B5B1BB79D1C00B054C0 /* Build configuration list for PBXNativeTarget "2-UnitConversion" */;
			buildPhases = (
				31178B341BB79D1C00B054C0 /* Sources */,
				31178B351BB79D1C00B054C0 /* Frameworks */,
				31178B361BB79D1C00B054C0 /* Resources */,
			);
			buildRules = (
			);
			dependencies = (
			);
			name = "2-UnitConversion";
			productName = "2-UnitConversion";
			productReference = 31178B381BB79D1C00B054C0 /* 2-UnitConversion.app */;
			productType = "com.apple.product-type.application";
		};
		31178B501BB79D1C00B054C0 /* 2-UnitConversionTests */ = {
			isa = PBXNativeTarget;
			buildConfigurationList = 31178B5E1BB79D1C00B054C0 /* Build configuration list for PBXNativeTarget "2-UnitConversionTests" */;
			buildPhases = (
				31178B4D1BB79D1C00B054C0 /* Sources */,
				31178B4E1BB79D1C00B054C0 /* Frameworks */,
				31178B4F1BB79D1C00B054C0 /* Resources */,
			);
			buildRules = (
			);
			dependencies = (
				31178B531BB79D1C00B054C0 /* PBXTargetDependency */,
			);
			name = "2-UnitConversionTests";
			productName = "2-UnitConversionTests";
			productReference = 31178B511BB79D1C00B054C0 /* 2-UnitConversionTests.xctest */;
			productType = "com.apple.product-type.bundle.unit-test";
		};
/* End PBXNativeTarget section */

/* Begin PBXProject section */
		31178B301BB79D1C00B054C0 /* Project object */ = {
			isa = PBXProject;
			attributes = {
				LastUpgradeCheck = 0700;
				ORGANIZATIONNAME = Nakib;
				TargetAttributes = {
					31178B371BB79D1C00B054C0 = {
						CreatedOnToolsVersion = 6.2;
					};
					31178B501BB79D1C00B054C0 = {
						CreatedOnToolsVersion = 6.2;
						TestTargetID = 31178B371BB79D1C00B054C0;
					};
				};
			};
			buildConfigurationList = 31178B331BB79D1C00B054C0 /* Build configuration list for PBXProject "2-UnitConversion" */;
			compatibilityVersion = "Xcode 3.2";
			developmentRegion = English;
			hasScannedForEncodings = 0;
			knownRegions = (
				en,
				Base,
			);
			mainGroup = 31178B2F1BB79D1C00B054C0;
			productRefGroup = 31178B391BB79D1C00B054C0 /* Products */;
			projectDirPath = "";
			projectRoot = "";
			targets = (
				31178B371BB79D1C00B054C0 /* 2-UnitConversion */,
				31178B501BB79D1C00B054C0 /* 2-UnitConversionTests */,
			);
		};
/* End PBXProject section */

/* Begin PBXResourcesBuildPhase section */
		31178B361BB79D1C00B054C0 /* Resources */ = {
			isa = PBXResourcesBuildPhase;
			buildActionMask = 2147483647;
			files = (
				31178B471BB79D1C00B054C0 /* Main.storyboard in Resources */,
				31178B4C1BB79D1C00B054C0 /* LaunchScreen.xib in Resources */,
				31178B491BB79D1C00B054C0 /* Images.xcassets in Resources */,
			);
			runOnlyForDeploymentPostprocessing = 0;
		};
		31178B4F1BB79D1C00B054C0 /* Resources */ = {
			isa = PBXResourcesBuildPhase;
			buildActionMask = 2147483647;
			files = (
			);
			runOnlyForDeploymentPostprocessing = 0;
		};
/* End PBXResourcesBuildPhase section */

/* Begin PBXSourcesBuildPhase section */
		31178B341BB79D1C00B054C0 /* Sources */ = {
			isa = PBXSourcesBuildPhase;
			buildActionMask = 2147483647;
			files = (
				31178B441BB79D1C00B054C0 /* ViewController.m in Sources */,
				31178B411BB79D1C00B054C0 /* AppDelegate.m in Sources */,
				31178B3E1BB79D1C00B054C0 /* main.m in Sources */,
			);
			runOnlyForDeploymentPostprocessing = 0;
		};
		31178B4D1BB79D1C00B054C0 /* Sources */ = {
			isa = PBXSourcesBuildPhase;
			buildActionMask = 2147483647;
			files = (
				31178B581BB79D1C00B054C0 /* __UnitConversionTests.m in Sources */,
			);
			runOnlyForDeploymentPostprocessing = 0;
		};
/* End PBXSourcesBuildPhase section */

/* Begin PBXTargetDependency section */
		31178B531BB79D1C00B054C0 /* PBXTargetDependency */ = {
			isa = PBXTargetDependency;
			target = 31178B371BB79D1C00B054C0 /* 2-UnitConversion */;
			targetProxy = 31178B521BB79D1C00B054C0 /* PBXContainerItemProxy */;
		};
/* End PBXTargetDependency section */

/* Begin PBXVariantGroup section */
		31178B451BB79D1C00B054C0 /* Main.storyboard */ = {
			isa = PBXVariantGroup;
			children = (
				31178B461BB79D1C00B054C0 /* Base */,
			);
			name = Main.storyboard;
			sourceTree = "<group>";
		};
		31178B4A1BB79D1C00B054C0 /* LaunchScreen.xib */ = {
			isa = PBXVariantGroup;
			children = (
				31178B4B1BB79D1C00B054C0 /* Base */,
			);
			name = LaunchScreen.xib;
			sourceTree = "<group>";
		};
/* End PBXVariantGroup section */

/* Begin XCBuildConfiguration section */
		31178B591BB79D1C00B054C0 /* Debug */ = {
			isa = XCBuildConfiguration;
			buildSettings = {
				ALWAYS_SEARCH_USER_PATHS = NO;
				CLANG_CXX_LANGUAGE_STANDARD = "gnu++0x";
				CLANG_CXX_LIBRARY = "libc++";
				CLANG_ENABLE_MODULES = YES;
				CLANG_ENABLE_OBJC_ARC = YES;
				CLANG_WARN_BOOL_CONVERSION = YES;
				CLANG_WARN_CONSTANT_CONVERSION = YES;
				CLANG_WARN_DIRECT_OBJC_ISA_USAGE = YES_ERROR;
				CLANG_WARN_EMPTY_BODY = YES;
				CLANG_WARN_ENUM_CONVERSION = YES;
				CLANG_WARN_INT_CONVERSION = YES;
				CLANG_WARN_OBJC_ROOT_CLASS = YES_ERROR;
				CLANG_WARN_UNREACHABLE_CODE = YES;
				CLANG_WARN__DUPLICATE_METHOD_MATCH = YES;
				"CODE_SIGN_IDENTITY[sdk=iphoneos*]" = "iPhone Developer";
				COPY_PHASE_STRIP = NO;
				ENABLE_STRICT_OBJC_MSGSEND = YES;
				ENABLE_TESTABILITY = YES;
				GCC_C_LANGUAGE_STANDARD = gnu99;
				GCC_DYNAMIC_NO_PIC = NO;
				GCC_OPTIMIZATION_LEVEL = 0;
				GCC_PREPROCESSOR_DEFINITIONS = (
					"DEBUG=1",
					"$(inherited)",
				);
				GCC_SYMBOLS_PRIVATE_EXTERN = NO;
				GCC_WARN_64_TO_32_BIT_CONVERSION = YES;
				GCC_WARN_ABOUT_RETURN_TYPE = YES_ERROR;
				GCC_WARN_UNDECLARED_SELECTOR = YES;
				GCC_WARN_UNINITIALIZED_AUTOS = YES_AGGRESSIVE;
				GCC_WARN_UNUSED_FUNCTION = YES;
				GCC_WARN_UNUSED_VARIABLE = YES;
				IPHONEOS_DEPLOYMENT_TARGET = 8.2;
				MTL_ENABLE_DEBUG_INFO = YES;
				ONLY_ACTIVE_ARCH = YES;
				SDKROOT = iphoneos;
				TARGETED_DEVICE_FAMILY = "1,2";
			};
			name = Debug;
		};
		31178B5A1BB79D1C00B054C0 /* Release */ = {
			isa = XCBuildConfiguration;
			buildSettings = {
				ALWAYS_SEARCH_USER_PATHS = NO;
				CLANG_CXX_LANGUAGE_STANDARD = "gnu++0x";
				CLANG_CXX_LIBRARY = "libc++";
				CLANG_ENABLE_MODULES = YES;
				CLANG_ENABLE_OBJC_ARC = YES;
				CLANG_WARN_BOOL_CONVERSION = YES;
				CLANG_WARN_CONSTANT_CONVERSION = YES;
				CLANG_WARN_DIRECT_OBJC_ISA_USAGE = YES_ERROR;
				CLANG_WARN_EMPTY_BODY = YES;
				CLANG_WARN_ENUM_CONVERSION = YES;
				CLANG_WARN_INT_CONVERSION = YES;
				CLANG_WARN_OBJC_ROOT_CLASS = YES_ERROR;
				CLANG_WARN_UNREACHABLE_CODE = YES;
				CLANG_WARN__DUPLICATE_METHOD_MATCH = YES;
				"CODE_SIGN_IDENTITY[sdk=iphoneos*]" = "iPhone Developer";
				COPY_PHASE_STRIP = NO;
				ENABLE_NS_ASSERTIONS = NO;
				ENABLE_STRICT_OBJC_MSGSEND = YES;
				GCC_C_LANGUAGE_STANDARD = gnu99;
				GCC_WARN_64_TO_32_BIT_CONVERSION = YES;
				GCC_WARN_ABOUT_RETURN_TYPE = YES_ERROR;
				GCC_WARN_UNDECLARED_SELECTOR = YES;
				GCC_WARN_UNINITIALIZED_AUTOS = YES_AGGRESSIVE;
				GCC_WARN_UNUSED_FUNCTION = YES;
				GCC_WARN_UNUSED_VARIABLE = YES;
				IPHONEOS_DEPLOYMENT_TARGET = 8.2;
				MTL_ENABLE_DEBUG_INFO = NO;
				SDKROOT = iphoneos;
				TARGETED_DEVICE_FAMILY = "1,2";
				VALIDATE_PRODUCT = YES;
			};
			name = Release;
		};
		31178B5C1BB79D1C00B054C0 /* Debug */ = {
			isa = XCBuildConfiguration;
			buildSettings = {
				ASSETCATALOG_COMPILER_APPICON_NAME = AppIcon;
				INFOPLIST_FILE = "2-UnitConversion/Info.plist";
				LD_RUNPATH_SEARCH_PATHS = "$(inherited) @executable_path/Frameworks";
				PRODUCT_BUNDLE_IDENTIFIER = "com.nakibmomin.$(PRODUCT_NAME:rfc1034identifier)";
				PRODUCT_NAME = "$(TARGET_NAME)";
			};
			name = Debug;
		};
		31178B5D1BB79D1C00B054C0 /* Release */ = {
			isa = XCBuildConfiguration;
			buildSettings = {
				ASSETCATALOG_COMPILER_APPICON_NAME = AppIcon;
				INFOPLIST_FILE = "2-UnitConversion/Info.plist";
				LD_RUNPATH_SEARCH_PATHS = "$(inherited) @executable_path/Frameworks";
				PRODUCT_BUNDLE_IDENTIFIER = "com.nakibmomin.$(PRODUCT_NAME:rfc1034identifier)";
				PRODUCT_NAME = "$(TARGET_NAME)";
			};
			name = Release;
		};
		31178B5F1BB79D1C00B054C0 /* Debug */ = {
			isa = XCBuildConfiguration;
			buildSettings = {
				BUNDLE_LOADER = "$(TEST_HOST)";
				FRAMEWORK_SEARCH_PATHS = (
					"$(SDKROOT)/Developer/Library/Frameworks",
					"$(inherited)",
				);
				GCC_PREPROCESSOR_DEFINITIONS = (
					"DEBUG=1",
					"$(inherited)",
				);
				INFOPLIST_FILE = "2-UnitConversionTests/Info.plist";
				LD_RUNPATH_SEARCH_PATHS = "$(inherited) @executable_path/Frameworks @loader_path/Frameworks";
				PRODUCT_BUNDLE_IDENTIFIER = "com.nakibmomin.$(PRODUCT_NAME:rfc1034identifier)";
				PRODUCT_NAME = "$(TARGET_NAME)";
				TEST_HOST = "$(BUILT_PRODUCTS_DIR)/2-UnitConversion.app/2-UnitConversion";
			};
			name = Debug;
		};
		31178B601BB79D1C00B054C0 /* Release */ = {
			isa = XCBuildConfiguration;
			buildSettings = {
				BUNDLE_LOADER = "$(TEST_HOST)";
				FRAMEWORK_SEARCH_PATHS = (
					"$(SDKROOT)/Developer/Library/Frameworks",
					"$(inherited)",
				);
				INFOPLIST_FILE = "2-UnitConversionTests/Info.plist";
				LD_RUNPATH_SEARCH_PATHS = "$(inherited) @executable_path/Frameworks @loader_path/Frameworks";
				PRODUCT_BUNDLE_IDENTIFIER = "com.nakibmomin.$(PRODUCT_NAME:rfc1034identifier)";
				PRODUCT_NAME = "$(TARGET_NAME)";
				TEST_HOST = "$(BUILT_PRODUCTS_DIR)/2-UnitConversion.app/2-UnitConversion";
			};
			name = Release;
		};
/* End XCBuildConfiguration section */

/* Begin XCConfigurationList section */
		31178B331BB79D1C00B054C0 /* Build configuration list for PBXProject "2-UnitConversion" */ = {
			isa = XCConfigurationList;
			buildConfigurations = (
				31178B591BB79D1C00B054C0 /* Debug */,
				31178B5A1BB79D1C00B054C0 /* Release */,
			);
			defaultConfigurationIsVisible = 0;
			defaultConfigurationName = Release;
		};
		31178B5B1BB79D1C00B054C0 /* Build configuration list for PBXNativeTarget "2-UnitConversion" */ = {
			isa = XCConfigurationList;
			buildConfigurations = (
				31178B5C1BB79D1C00B054C0 /* Debug */,
				31178B5D1BB79D1C00B054C0 /* Release */,
			);
			defaultConfigurationIsVisible = 0;
			defaultConfigurationName = Release;
		};
		31178B5E1BB79D1C00B054C0 /* Build configuration list for PBXNativeTarget "2-UnitConversionTests" */ = {
			isa = XCConfigurationList;
			buildConfigurations = (
				31178B5F1BB79D1C00B054C0 /* Debug */,
				31178B601BB79D1C00B054C0 /* Release */,
			);
			defaultConfigurationIsVisible = 0;
			defaultConfigurationName = Release;
		};
/* End XCConfigurationList section */
	};
	rootObject = 31178B301BB79D1C00B054C0 /* Project object */;
}
